
Microsoft Visual Studio Solution File, Format Version 12.00
# Visual Studio Version 16
VisualStudioVersion = 16.0.31229.75
MinimumVisualStudioVersion = 10.0.40219.1
Project("{FAE04EC0-301F-11D3-BF4B-00C04F79EFBC}") = "MaxDegreeOfParallelism", "MaxDegreeOfParallelism\MaxDegreeOfParallelism.csproj", "{727D8319-BE71-40C7-ABC2-8135EB952D5D}"
EndProject
Global
	GlobalSection(SolutionConfigurationPlatforms) = preSolution
		Debug|Any CPU = Debug|Any CPU
		Release|Any CPU = Release|Any CPU
	EndGlobalSection
	GlobalSection(ProjectConfigurationPlatforms) = postSolution
		{727D8319-BE71-40C7-ABC2-8135EB952D5D}.Debug|Any CPU.ActiveCfg = Debug|Any CPU
		{727D8319-BE71-40C7-ABC2-8135EB952D5D}.Debug|Any CPU.Build.0 = Debug|Any CPU
		{727D8319-BE71-40C7-ABC2-8135EB952D5D}.Release|Any CPU.ActiveCfg = Release|Any CPU
		{727D8319-BE71-40C7-ABC2-8135EB952D5D}.Release|Any CPU.Build.0 = Release|Any CPU
	EndGlobalSection
	GlobalSection(SolutionProperties) = preSolution
		HideSolutionNode = FALSE
	EndGlobalSection
	GlobalSection(ExtensibilityGlobals) = postSolution
		SolutionGuid = {1E1C937F-1596-421E-8366-987CF88EEF2D}
	EndGlobalSection
EndGlobal
